
Microsoft Visual Studio Solution File, Format Version 12.00
# Visual Studio 15
Project("{FAE04EC0-301F-11D3-BF4B-00C04F79EFBC}") = "VuforiaScripts", "VuforiaScripts.csproj", "{8F08FCC8-2B0D-4446-E29B-1EC16177783A}"
EndProject
Project("{FAE04EC0-301F-11D3-BF4B-00C04F79EFBC}") = "Assembly-CSharp", "Assembly-CSharp.csproj", "{D8C8977E-D0D2-042F-A776-D2CACB6313A1}"
EndProject
Project("{FAE04EC0-301F-11D3-BF4B-00C04F79EFBC}") = "VuforiaEditorScripts", "VuforiaEditorScripts.csproj", "{C562E675-1275-F883-0E46-392BEA7ABEFF}"
EndProject
Global
	GlobalSection(SolutionConfigurationPlatforms) = preSolution
		Debug|Any CPU = Debug|Any CPU
		Release|Any CPU = Release|Any CPU
	EndGlobalSection
	GlobalSection(ProjectConfigurationPlatforms) = postSolution
		{8F08FCC8-2B0D-4446-E29B-1EC16177783A}.Debug|Any CPU.ActiveCfg = Debug|Any CPU
		{8F08FCC8-2B0D-4446-E29B-1EC16177783A}.Debug|Any CPU.Build.0 = Debug|Any CPU
		{8F08FCC8-2B0D-4446-E29B-1EC16177783A}.Release|Any CPU.ActiveCfg = Release|Any CPU
		{8F08FCC8-2B0D-4446-E29B-1EC16177783A}.Release|Any CPU.Build.0 = Release|Any CPU
		{D8C8977E-D0D2-042F-A776-D2CACB6313A1}.Debug|Any CPU.ActiveCfg = Debug|Any CPU
		{D8C8977E-D0D2-042F-A776-D2CACB6313A1}.Debug|Any CPU.Build.0 = Debug|Any CPU
		{D8C8977E-D0D2-042F-A776-D2CACB6313A1}.Release|Any CPU.ActiveCfg = Release|Any CPU
		{D8C8977E-D0D2-042F-A776-D2CACB6313A1}.Release|Any CPU.Build.0 = Release|Any CPU
		{C562E675-1275-F883-0E46-392BEA7ABEFF}.Debug|Any CPU.ActiveCfg = Debug|Any CPU
		{C562E675-1275-F883-0E46-392BEA7ABEFF}.Debug|Any CPU.Build.0 = Debug|Any CPU
		{C562E675-1275-F883-0E46-392BEA7ABEFF}.Release|Any CPU.ActiveCfg = Release|Any CPU
		{C562E675-1275-F883-0E46-392BEA7ABEFF}.Release|Any CPU.Build.0 = Release|Any CPU
	EndGlobalSection
	GlobalSection(SolutionProperties) = preSolution
		HideSolutionNode = FALSE
	EndGlobalSection
EndGlobal
